
Microsoft Visual Studio Solution File, Format Version 12.00
# Visual Studio 15
VisualStudioVersion = 15.0.28307.779
MinimumVisualStudioVersion = 10.0.40219.1
Project("{FAE04EC0-301F-11D3-BF4B-00C04F79EFBC}") = "LoginPage.Android", "LoginPage\LoginPage.Android\LoginPage.Android.csproj", "{8BD42500-C568-4582-B227-4CFEB713C2B5}"
EndProject
Project("{FAE04EC0-301F-11D3-BF4B-00C04F79EFBC}") = "LoginPage.iOS", "LoginPage\LoginPage.iOS\LoginPage.iOS.csproj", "{562899E8-3C06-40EB-8D36-CF4932CD0ABA}"
EndProject
Project("{FAE04EC0-301F-11D3-BF4B-00C04F79EFBC}") = "LoginPage.UWP", "LoginPage\LoginPage.UWP\LoginPage.UWP.csproj", "{BA1B0E15-75F2-4A5E-A232-B64A6485362F}"
EndProject
Project("{FAE04EC0-301F-11D3-BF4B-00C04F79EFBC}") = "LoginPage", "LoginPage\LoginPage\LoginPage.csproj", "{3A6C5015-E954-48C6-9505-913AA8FF6A8F}"
EndProject
Global
	GlobalSection(SolutionConfigurationPlatforms) = preSolution
		Ad-Hoc|Any CPU = Ad-Hoc|Any CPU
		Ad-Hoc|ARM = Ad-Hoc|ARM
		Ad-Hoc|iPhone = Ad-Hoc|iPhone
		Ad-Hoc|iPhoneSimulator = Ad-Hoc|iPhoneSimulator
		Ad-Hoc|x64 = Ad-Hoc|x64
		Ad-Hoc|x86 = Ad-Hoc|x86
		AppStore|Any CPU = AppStore|Any CPU
		AppStore|ARM = AppStore|ARM
		AppStore|iPhone = AppStore|iPhone
		AppStore|iPhoneSimulator = AppStore|iPhoneSimulator
		AppStore|x64 = AppStore|x64
		AppStore|x86 = AppStore|x86
		Debug|Any CPU = Debug|Any CPU
		Debug|ARM = Debug|ARM
		Debug|iPhone = Debug|iPhone
		Debug|iPhoneSimulator = Debug|iPhoneSimulator
		Debug|x64 = Debug|x64
		Debug|x86 = Debug|x86
		Release|Any CPU = Release|Any CPU
		Release|ARM = Release|ARM
		Release|iPhone = Release|iPhone
		Release|iPhoneSimulator = Release|iPhoneSimulator
		Release|x64 = Release|x64
		Release|x86 = Release|x86
	EndGlobalSection
	GlobalSection(ProjectConfigurationPlatforms) = postSolution
		{8BD42500-C568-4582-B227-4CFEB713C2B5}.Ad-Hoc|Any CPU.ActiveCfg = Release|Any CPU
		{8BD42500-C568-4582-B227-4CFEB713C2B5}.Ad-Hoc|Any CPU.Build.0 = Release|Any CPU
		{8BD42500-C568-4582-B227-4CFEB713C2B5}.Ad-Hoc|Any CPU.Deploy.0 = Release|Any CPU
		{8BD42500-C568-4582-B227-4CFEB713C2B5}.Ad-Hoc|ARM.ActiveCfg = Release|Any CPU
		{8BD42500-C568-4582-B227-4CFEB713C2B5}.Ad-Hoc|ARM.Build.0 = Release|Any CPU
		{8BD42500-C568-4582-B227-4CFEB713C2B5}.Ad-Hoc|ARM.Deploy.0 = Release|Any CPU
		{8BD42500-C568-4582-B227-4CFEB713C2B5}.Ad-Hoc|iPhone.ActiveCfg = Release|Any CPU
		{8BD42500-C568-4582-B227-4CFEB713C2B5}.Ad-Hoc|iPhone.Build.0 = Release|Any CPU
		{8BD42500-C568-4582-B227-4CFEB713C2B5}.Ad-Hoc|iPhone.Deploy.0 = Release|Any CPU
		{8BD42500-C568-4582-B227-4CFEB713C2B5}.Ad-Hoc|iPhoneSimulator.ActiveCfg = Release|Any CPU
		{8BD42500-C568-4582-B227-4CFEB713C2B5}.Ad-Hoc|iPhoneSimulator.Build.0 = Release|Any CPU
		{8BD42500-C568-4582-B227-4CFEB713C2B5}.Ad-Hoc|iPhoneSimulator.Deploy.0 = Release|Any CPU
		{8BD42500-C568-4582-B227-4CFEB713C2B5}.Ad-Hoc|x64.ActiveCfg = Release|Any CPU
		{8BD42500-C568-4582-B227-4CFEB713C2B5}.Ad-Hoc|x64.Build.0 = Release|Any CPU
		{8BD42500-C568-4582-B227-4CFEB713C2B5}.Ad-Hoc|x64.Deploy.0 = Release|Any CPU
		{8BD42500-C568-4582-B227-4CFEB713C2B5}.Ad-Hoc|x86.ActiveCfg = Release|Any CPU
		{8BD42500-C568-4582-B227-4CFEB713C2B5}.Ad-Hoc|x86.Build.0 = Release|Any CPU
		{8BD42500-C568-4582-B227-4CFEB713C2B5}.Ad-Hoc|x86.Deploy.0 = Release|Any CPU
		{8BD42500-C568-4582-B227-4CFEB713C2B5}.AppStore|Any CPU.ActiveCfg = Release|Any CPU
		{8BD42500-C568-4582-B227-4CFEB713C2B5}.AppStore|Any CPU.Build.0 = Release|Any CPU
		{8BD42500-C568-4582-B227-4CFEB713C2B5}.AppStore|Any CPU.Deploy.0 = Release|Any CPU
		{8BD42500-C568-4582-B227-4CFEB713C2B5}.AppStore|ARM.ActiveCfg = Release|Any CPU
		{8BD42500-C568-4582-B227-4CFEB713C2B5}.AppStore|ARM.Build.0 = Release|Any CPU
		{8BD42500-C568-4582-B227-4CFEB713C2B5}.AppStore|ARM.Deploy.0 = Release|Any CPU
		{8BD42500-C568-4582-B227-4CFEB713C2B5}.AppStore|iPhone.ActiveCfg = Release|Any CPU
		{8BD42500-C568-4582-B227-4CFEB713C2B5}.AppStore|iPhone.Build.0 = Release|Any CPU
		{8BD42500-C568-4582-B227-4CFEB713C2B5}.AppStore|iPhone.Deploy.0 = Release|Any CPU
		{8BD42500-C568-4582-B227-4CFEB713C2B5}.AppStore|iPhoneSimulator.ActiveCfg = Release|Any CPU
		{8BD42500-C568-4582-B227-4CFEB713C2B5}.AppStore|iPhoneSimulator.Build.0 = Release|Any CPU
		{8BD42500-C568-4582-B227-4CFEB713C2B5}.AppStore|iPhoneSimulator.Deploy.0 = Release|Any CPU
		{8BD42500-C568-4582-B227-4CFEB713C2B5}.AppStore|x64.ActiveCfg = Release|Any CPU
		{8BD42500-C568-4582-B227-4CFEB713C2B5}.AppStore|x64.Build.0 = Release|Any CPU
		{8BD42500-C568-4582-B227-4CFEB713C2B5}.AppStore|x64.Deploy.0 = Release|Any CPU
		{8BD42500-C568-4582-B227-4CFEB713C2B5}.AppStore|x86.ActiveCfg = Release|Any CPU
		{8BD42500-C568-4582-B227-4CFEB713C2B5}.AppStore|x86.Build.0 = Release|Any CPU
		{8BD42500-C568-4582-B227-4CFEB713C2B5}.AppStore|x86.Deploy.0 = Release|Any CPU
		{8BD42500-C568-4582-B227-4CFEB713C2B5}.Debug|Any CPU.ActiveCfg = Debug|Any CPU
		{8BD42500-C568-4582-B227-4CFEB713C2B5}.Debug|Any CPU.Build.0 = Debug|Any CPU
		{8BD42500-C568-4582-B227-4CFEB713C2B5}.Debug|Any CPU.Deploy.0 = Debug|Any CPU
		{8BD42500-C568-4582-B227-4CFEB713C2B5}.Debug|ARM.ActiveCfg = Debug|Any CPU
		{8BD42500-C568-4582-B227-4CFEB713C2B5}.Debug|ARM.Build.0 = Debug|Any CPU
		{8BD42500-C568-4582-B227-4CFEB713C2B5}.Debug|ARM.Deploy.0 = Debug|Any CPU
		{8BD42500-C568-4582-B227-4CFEB713C2B5}.Debug|iPhone.ActiveCfg = Debug|Any CPU
		{8BD42500-C568-4582-B227-4CFEB713C2B5}.Debug|iPhone.Build.0 = Debug|Any CPU
		{8BD42500-C568-4582-B227-4CFEB713C2B5}.Debug|iPhone.Deploy.0 = Debug|Any CPU
		{8BD42500-C568-4582-B227-4CFEB713C2B5}.Debug|iPhoneSimulator.ActiveCfg = Debug|Any CPU
		{8BD42500-C568-4582-B227-4CFEB713C2B5}.Debug|iPhoneSimulator.Build.0 = Debug|Any CPU
		{8BD42500-C568-4582-B227-4CFEB713C2B5}.Debug|iPhoneSimulator.Deploy.0 = Debug|Any CPU
		{8BD42500-C568-4582-B227-4CFEB713C2B5}.Debug|x64.ActiveCfg = Debug|Any CPU
		{8BD42500-C568-4582-B227-4CFEB713C2B5}.Debug|x64.Build.0 = Debug|Any CPU
		{8BD42500-C568-4582-B227-4CFEB713C2B5}.Debug|x64.Deploy.0 = Debug|Any CPU
		{8BD42500-C568-4582-B227-4CFEB713C2B5}.Debug|x86.ActiveCfg = Debug|Any CPU
		{8BD42500-C568-4582-B227-4CFEB713C2B5}.Debug|x86.Build.0 = Debug|Any CPU
		{8BD42500-C568-4582-B227-4CFEB713C2B5}.Debug|x86.Deploy.0 = Debug|Any CPU
		{8BD42500-C568-4582-B227-4CFEB713C2B5}.Release|Any CPU.ActiveCfg = Release|Any CPU
		{8BD42500-C568-4582-B227-4CFEB713C2B5}.Release|Any CPU.Build.0 = Release|Any CPU
		{8BD42500-C568-4582-B227-4CFEB713C2B5}.Release|Any CPU.Deploy.0 = Release|Any CPU
		{8BD42500-C568-4582-B227-4CFEB713C2B5}.Release|ARM.ActiveCfg = Release|Any CPU
		{8BD42500-C568-4582-B227-4CFEB713C2B5}.Release|ARM.Build.0 = Release|Any CPU
		{8BD42500-C568-4582-B227-4CFEB713C2B5}.Release|ARM.Deploy.0 = Release|Any CPU
		{8BD42500-C568-4582-B227-4CFEB713C2B5}.Release|iPhone.ActiveCfg = Release|Any CPU
		{8BD42500-C568-4582-B227-4CFEB713C2B5}.Release|iPhone.Build.0 = Release|Any CPU
		{8BD42500-C568-4582-B227-4CFEB713C2B5}.Release|iPhone.Deploy.0 = Release|Any CPU
		{8BD42500-C568-4582-B227-4CFEB713C2B5}.Release|iPhoneSimulator.ActiveCfg = Release|Any CPU
		{8BD42500-C568-4582-B227-4CFEB713C2B5}.Release|iPhoneSimulator.Build.0 = Release|Any CPU
		{8BD42500-C568-4582-B227-4CFEB713C2B5}.Release|iPhoneSimulator.Deploy.0 = Release|Any CPU
		{8BD42500-C568-4582-B227-4CFEB713C2B5}.Release|x64.ActiveCfg = Release|Any CPU
		{8BD42500-C568-4582-B227-4CFEB713C2B5}.Release|x64.Build.0 = Release|Any CPU
		{8BD42500-C568-4582-B227-4CFEB713C2B5}.Release|x64.Deploy.0 = Release|Any CPU
		{8BD42500-C568-4582-B227-4CFEB713C2B5}.Release|x86.ActiveCfg = Release|Any CPU
		{8BD42500-C568-4582-B227-4CFEB713C2B5}.Release|x86.Build.0 = Release|Any CPU
		{8BD42500-C568-4582-B227-4CFEB713C2B5}.Release|x86.Deploy.0 = Release|Any CPU
		{562899E8-3C06-40EB-8D36-CF4932CD0ABA}.Ad-Hoc|Any CPU.ActiveCfg = Ad-Hoc|iPhone
		{562899E8-3C06-40EB-8D36-CF4932CD0ABA}.Ad-Hoc|Any CPU.Build.0 = Ad-Hoc|iPhone
		{562899E8-3C06-40EB-8D36-CF4932CD0ABA}.Ad-Hoc|Any CPU.Deploy.0 = Ad-Hoc|iPhone
		{562899E8-3C06-40EB-8D36-CF4932CD0ABA}.Ad-Hoc|ARM.ActiveCfg = Ad-Hoc|iPhone
		{562899E8-3C06-40EB-8D36-CF4932CD0ABA}.Ad-Hoc|ARM.Build.0 = Ad-Hoc|iPhone
		{562899E8-3C06-40EB-8D36-CF4932CD0ABA}.Ad-Hoc|ARM.Deploy.0 = Ad-Hoc|iPhone
		{562899E8-3C06-40EB-8D36-CF4932CD0ABA}.Ad-Hoc|iPhone.ActiveCfg = Ad-Hoc|iPhone
		{562899E8-3C06-40EB-8D36-CF4932CD0ABA}.Ad-Hoc|iPhone.Build.0 = Ad-Hoc|iPhone
		{562899E8-3C06-40EB-8D36-CF4932CD0ABA}.Ad-Hoc|iPhone.Deploy.0 = Ad-Hoc|iPhone
		{562899E8-3C06-40EB-8D36-CF4932CD0ABA}.Ad-Hoc|iPhoneSimulator.ActiveCfg = Ad-Hoc|iPhoneSimulator
		{562899E8-3C06-40EB-8D36-CF4932CD0ABA}.Ad-Hoc|iPhoneSimulator.Build.0 = Ad-Hoc|iPhoneSimulator
		{562899E8-3C06-40EB-8D36-CF4932CD0ABA}.Ad-Hoc|iPhoneSimulator.Deploy.0 = Ad-Hoc|iPhoneSimulator
		{562899E8-3C06-40EB-8D36-CF4932CD0ABA}.Ad-Hoc|x64.ActiveCfg = Ad-Hoc|iPhone
		{562899E8-3C06-40EB-8D36-CF4932CD0ABA}.Ad-Hoc|x64.Build.0 = Ad-Hoc|iPhone
		{562899E8-3C06-40EB-8D36-CF4932CD0ABA}.Ad-Hoc|x64.Deploy.0 = Ad-Hoc|iPhone
		{562899E8-3C06-40EB-8D36-CF4932CD0ABA}.Ad-Hoc|x86.ActiveCfg = Ad-Hoc|iPhone
		{562899E8-3C06-40EB-8D36-CF4932CD0ABA}.Ad-Hoc|x86.Build.0 = Ad-Hoc|iPhone
		{562899E8-3C06-40EB-8D36-CF4932CD0ABA}.Ad-Hoc|x86.Deploy.0 = Ad-Hoc|iPhone
		{562899E8-3C06-40EB-8D36-CF4932CD0ABA}.AppStore|Any CPU.ActiveCfg = AppStore|iPhone
		{562899E8-3C06-40EB-8D36-CF4932CD0ABA}.AppStore|Any CPU.Build.0 = AppStore|iPhone
		{562899E8-3C06-40EB-8D36-CF4932CD0ABA}.AppStore|Any CPU.Deploy.0 = AppStore|iPhone
		{562899E8-3C06-40EB-8D36-CF4932CD0ABA}.AppStore|ARM.ActiveCfg = AppStore|iPhone
		{562899E8-3C06-40EB-8D36-CF4932CD0ABA}.AppStore|ARM.Build.0 = AppStore|iPhone
		{562899E8-3C06-40EB-8D36-CF4932CD0ABA}.AppStore|ARM.Deploy.0 = AppStore|iPhone
		{562899E8-3C06-40EB-8D36-CF4932CD0ABA}.AppStore|iPhone.ActiveCfg = AppStore|iPhone
		{562899E8-3C06-40EB-8D36-CF4932CD0ABA}.AppStore|iPhone.Build.0 = AppStore|iPhone
		{562899E8-3C06-40EB-8D36-CF4932CD0ABA}.AppStore|iPhone.Deploy.0 = AppStore|iPhone
		{562899E8-3C06-40EB-8D36-CF4932CD0ABA}.AppStore|iPhoneSimulator.ActiveCfg = AppStore|iPhoneSimulator
		{562899E8-3C06-40EB-8D36-CF4932CD0ABA}.AppStore|iPhoneSimulator.Build.0 = AppStore|iPhoneSimulator
		{562899E8-3C06-40EB-8D36-CF4932CD0ABA}.AppStore|iPhoneSimulator.Deploy.0 = AppStore|iPhoneSimulator
		{562899E8-3C06-40EB-8D36-CF4932CD0ABA}.AppStore|x64.ActiveCfg = AppStore|iPhone
		{562899E8-3C06-40EB-8D36-CF4932CD0ABA}.AppStore|x64.Build.0 = AppStore|iPhone
		{562899E8-3C06-40EB-8D36-CF4932CD0ABA}.AppStore|x64.Deploy.0 = AppStore|iPhone
		{562899E8-3C06-40EB-8D36-CF4932CD0ABA}.AppStore|x86.ActiveCfg = AppStore|iPhone
		{562899E8-3C06-40EB-8D36-CF4932CD0ABA}.AppStore|x86.Build.0 = AppStore|iPhone
		{562899E8-3C06-40EB-8D36-CF4932CD0ABA}.AppStore|x86.Deploy.0 = AppStore|iPhone
		{562899E8-3C06-40EB-8D36-CF4932CD0ABA}.Debug|Any CPU.ActiveCfg = Debug|iPhoneSimulator
		{562899E8-3C06-40EB-8D36-CF4932CD0ABA}.Debug|Any CPU.Build.0 = Debug|iPhoneSimulator
		{562899E8-3C06-40EB-8D36-CF4932CD0ABA}.Debug|Any CPU.Deploy.0 = Debug|iPhoneSimulator
		{562899E8-3C06-40EB-8D36-CF4932CD0ABA}.Debug|ARM.ActiveCfg = Debug|iPhone
		{562899E8-3C06-40EB-8D36-CF4932CD0ABA}.Debug|ARM.Build.0 = Debug|iPhone
		{562899E8-3C06-40EB-8D36-CF4932CD0ABA}.Debug|ARM.Deploy.0 = Debug|iPhone
		{562899E8-3C06-40EB-8D36-CF4932CD0ABA}.Debug|iPhone.ActiveCfg = Debug|iPhone
		{562899E8-3C06-40EB-8D36-CF4932CD0ABA}.Debug|iPhone.Build.0 = Debug|iPhone
		{562899E8-3C06-40EB-8D36-CF4932CD0ABA}.Debug|iPhone.Deploy.0 = Debug|iPhone
		{562899E8-3C06-40EB-8D36-CF4932CD0ABA}.Debug|iPhoneSimulator.ActiveCfg = Debug|iPhoneSimulator
		{562899E8-3C06-40EB-8D36-CF4932CD0ABA}.Debug|iPhoneSimulator.Build.0 = Debug|iPhoneSimulator
		{562899E8-3C06-40EB-8D36-CF4932CD0ABA}.Debug|iPhoneSimulator.Deploy.0 = Debug|iPhoneSimulator
		{562899E8-3C06-40EB-8D36-CF4932CD0ABA}.Debug|x64.ActiveCfg = Debug|iPhone
		{562899E8-3C06-40EB-8D36-CF4932CD0ABA}.Debug|x64.Build.0 = Debug|iPhone
		{562899E8-3C06-40EB-8D36-CF4932CD0ABA}.Debug|x64.Deploy.0 = Debug|iPhone
		{562899E8-3C06-40EB-8D36-CF4932CD0ABA}.Debug|x86.ActiveCfg = Debug|iPhone
		{562899E8-3C06-40EB-8D36-CF4932CD0ABA}.Debug|x86.Build.0 = Debug|iPhone
		{562899E8-3C06-40EB-8D36-CF4932CD0ABA}.Debug|x86.Deploy.0 = Debug|iPhone
		{562899E8-3C06-40EB-8D36-CF4932CD0ABA}.Release|Any CPU.ActiveCfg = Release|iPhone
		{562899E8-3C06-40EB-8D36-CF4932CD0ABA}.Release|Any CPU.Build.0 = Release|iPhone
		{562899E8-3C06-40EB-8D36-CF4932CD0ABA}.Release|Any CPU.Deploy.0 = Release|iPhone
		{562899E8-3C06-40EB-8D36-CF4932CD0ABA}.Release|ARM.ActiveCfg = Release|iPhone
		{562899E8-3C06-40EB-8D36-CF4932CD0ABA}.Release|ARM.Build.0 = Release|iPhone
		{562899E8-3C06-40EB-8D36-CF4932CD0ABA}.Release|ARM.Deploy.0 = Release|iPhone
		{562899E8-3C06-40EB-8D36-CF4932CD0ABA}.Release|iPhone.ActiveCfg = Release|iPhone
		{562899E8-3C06-40EB-8D36-CF4932CD0ABA}.Release|iPhone.Build.0 = Release|iPhone
		{562899E8-3C06-40EB-8D36-CF4932CD0ABA}.Release|iPhone.Deploy.0 = Release|iPhone
		{562899E8-3C06-40EB-8D36-CF4932CD0ABA}.Release|iPhoneSimulator.ActiveCfg = Release|iPhoneSimulator
		{562899E8-3C06-40EB-8D36-CF4932CD0ABA}.Release|iPhoneSimulator.Build.0 = Release|iPhoneSimulator
		{562899E8-3C06-40EB-8D36-CF4932CD0ABA}.Release|iPhoneSimulator.Deploy.0 = Release|iPhoneSimulator
		{562899E8-3C06-40EB-8D36-CF4932CD0ABA}.Release|x64.ActiveCfg = Release|iPhone
		{562899E8-3C06-40EB-8D36-CF4932CD0ABA}.Release|x64.Build.0 = Release|iPhone
		{562899E8-3C06-40EB-8D36-CF4932CD0ABA}.Release|x64.Deploy.0 = Release|iPhone
		{562899E8-3C06-40EB-8D36-CF4932CD0ABA}.Release|x86.ActiveCfg = Release|iPhone
		{562899E8-3C06-40EB-8D36-CF4932CD0ABA}.Release|x86.Build.0 = Release|iPhone
		{562899E8-3C06-40EB-8D36-CF4932CD0ABA}.Release|x86.Deploy.0 = Release|iPhone
		{BA1B0E15-75F2-4A5E-A232-B64A6485362F}.Ad-Hoc|Any CPU.ActiveCfg = Release|x86
		{BA1B0E15-75F2-4A5E-A232-B64A6485362F}.Ad-Hoc|Any CPU.Build.0 = Release|x86
		{BA1B0E15-75F2-4A5E-A232-B64A6485362F}.Ad-Hoc|Any CPU.Deploy.0 = Release|x86
		{BA1B0E15-75F2-4A5E-A232-B64A6485362F}.Ad-Hoc|ARM.ActiveCfg = Release|ARM
		{BA1B0E15-75F2-4A5E-A232-B64A6485362F}.Ad-Hoc|ARM.Build.0 = Release|ARM
		{BA1B0E15-75F2-4A5E-A232-B64A6485362F}.Ad-Hoc|ARM.Deploy.0 = Release|ARM
		{BA1B0E15-75F2-4A5E-A232-B64A6485362F}.Ad-Hoc|iPhone.ActiveCfg = Release|x86
		{BA1B0E15-75F2-4A5E-A232-B64A6485362F}.Ad-Hoc|iPhone.Build.0 = Release|x86
		{BA1B0E15-75F2-4A5E-A232-B64A6485362F}.Ad-Hoc|iPhone.Deploy.0 = Release|x86
		{BA1B0E15-75F2-4A5E-A232-B64A6485362F}.Ad-Hoc|iPhoneSimulator.ActiveCfg = Release|x86
		{BA1B0E15-75F2-4A5E-A232-B64A6485362F}.Ad-Hoc|iPhoneSimulator.Build.0 = Release|x86
		{BA1B0E15-75F2-4A5E-A232-B64A6485362F}.Ad-Hoc|iPhoneSimulator.Deploy.0 = Release|x86
		{BA1B0E15-75F2-4A5E-A232-B64A6485362F}.Ad-Hoc|x64.ActiveCfg = Release|x64
		{BA1B0E15-75F2-4A5E-A232-B64A6485362F}.Ad-Hoc|x64.Build.0 = Release|x64
		{BA1B0E15-75F2-4A5E-A232-B64A6485362F}.Ad-Hoc|x64.Deploy.0 = Release|x64
		{BA1B0E15-75F2-4A5E-A232-B64A6485362F}.Ad-Hoc|x86.ActiveCfg = Release|x86
		{BA1B0E15-75F2-4A5E-A232-B64A6485362F}.Ad-Hoc|x86.Build.0 = Release|x86
		{BA1B0E15-75F2-4A5E-A232-B64A6485362F}.Ad-Hoc|x86.Deploy.0 = Release|x86
		{BA1B0E15-75F2-4A5E-A232-B64A6485362F}.AppStore|Any CPU.ActiveCfg = Release|x86
		{BA1B0E15-75F2-4A5E-A232-B64A6485362F}.AppStore|Any CPU.Build.0 = Release|x86
		{BA1B0E15-75F2-4A5E-A232-B64A6485362F}.AppStore|Any CPU.Deploy.0 = Release|x86
		{BA1B0E15-75F2-4A5E-A232-B64A6485362F}.AppStore|ARM.ActiveCfg = Release|ARM
		{BA1B0E15-75F2-4A5E-A232-B64A6485362F}.AppStore|ARM.Build.0 = Release|ARM
		{BA1B0E15-75F2-4A5E-A232-B64A6485362F}.AppStore|ARM.Deploy.0 = Release|ARM
		{BA1B0E15-75F2-4A5E-A232-B64A6485362F}.AppStore|iPhone.ActiveCfg = Release|x86
		{BA1B0E15-75F2-4A5E-A232-B64A6485362F}.AppStore|iPhone.Build.0 = Release|x86
		{BA1B0E15-75F2-4A5E-A232-B64A6485362F}.AppStore|iPhone.Deploy.0 = Release|x86
		{BA1B0E15-75F2-4A5E-A232-B64A6485362F}.AppStore|iPhoneSimulator.ActiveCfg = Release|x86
		{BA1B0E15-75F2-4A5E-A232-B64A6485362F}.AppStore|iPhoneSimulator.Build.0 = Release|x86
		{BA1B0E15-75F2-4A5E-A232-B64A6485362F}.AppStore|iPhoneSimulator.Deploy.0 = Release|x86
		{BA1B0E15-75F2-4A5E-A232-B64A6485362F}.AppStore|x64.ActiveCfg = Release|x64
		{BA1B0E15-75F2-4A5E-A232-B64A6485362F}.AppStore|x64.Build.0 = Release|x64
		{BA1B0E15-75F2-4A5E-A232-B64A6485362F}.AppStore|x64.Deploy.0 = Release|x64
		{BA1B0E15-75F2-4A5E-A232-B64A6485362F}.AppStore|x86.ActiveCfg = Release|x86
		{BA1B0E15-75F2-4A5E-A232-B64A6485362F}.AppStore|x86.Build.0 = Release|x86
		{BA1B0E15-75F2-4A5E-A232-B64A6485362F}.AppStore|x86.Deploy.0 = Release|x86
		{BA1B0E15-75F2-4A5E-A232-B64A6485362F}.Debug|Any CPU.ActiveCfg = Debug|x86
		{BA1B0E15-75F2-4A5E-A232-B64A6485362F}.Debug|Any CPU.Build.0 = Debug|x86
		{BA1B0E15-75F2-4A5E-A232-B64A6485362F}.Debug|Any CPU.Deploy.0 = Debug|x86
		{BA1B0E15-75F2-4A5E-A232-B64A6485362F}.Debug|ARM.ActiveCfg = Debug|ARM
		{BA1B0E15-75F2-4A5E-A232-B64A6485362F}.Debug|ARM.Build.0 = Debug|ARM
		{BA1B0E15-75F2-4A5E-A232-B64A6485362F}.Debug|ARM.Deploy.0 = Debug|ARM
		{BA1B0E15-75F2-4A5E-A232-B64A6485362F}.Debug|iPhone.ActiveCfg = Debug|x86
		{BA1B0E15-75F2-4A5E-A232-B64A6485362F}.Debug|iPhone.Build.0 = Debug|x86
		{BA1B0E15-75F2-4A5E-A232-B64A6485362F}.Debug|iPhone.Deploy.0 = Debug|x86
		{BA1B0E15-75F2-4A5E-A232-B64A6485362F}.Debug|iPhoneSimulator.ActiveCfg = Debug|x86
		{BA1B0E15-75F2-4A5E-A232-B64A6485362F}.Debug|iPhoneSimulator.Build.0 = Debug|x86
		{BA1B0E15-75F2-4A5E-A232-B64A6485362F}.Debug|iPhoneSimulator.Deploy.0 = Debug|x86
		{BA1B0E15-75F2-4A5E-A232-B64A6485362F}.Debug|x64.ActiveCfg = Debug|x64
		{BA1B0E15-75F2-4A5E-A232-B64A6485362F}.Debug|x64.Build.0 = Debug|x64
		{BA1B0E15-75F2-4A5E-A232-B64A6485362F}.Debug|x64.Deploy.0 = Debug|x64
		{BA1B0E15-75F2-4A5E-A232-B64A6485362F}.Debug|x86.ActiveCfg = Debug|x86
		{BA1B0E15-75F2-4A5E-A232-B64A6485362F}.Debug|x86.Build.0 = Debug|x86
		{BA1B0E15-75F2-4A5E-A232-B64A6485362F}.Debug|x86.Deploy.0 = Debug|x86
		{BA1B0E15-75F2-4A5E-A232-B64A6485362F}.Release|Any CPU.ActiveCfg = Release|x86
		{BA1B0E15-75F2-4A5E-A232-B64A6485362F}.Release|Any CPU.Build.0 = Release|x86
		{BA1B0E15-75F2-4A5E-A232-B64A6485362F}.Release|Any CPU.Deploy.0 = Release|x86
		{BA1B0E15-75F2-4A5E-A232-B64A6485362F}.Release|ARM.ActiveCfg = Release|ARM
		{BA1B0E15-75F2-4A5E-A232-B64A6485362F}.Release|ARM.Build.0 = Release|ARM
		{BA1B0E15-75F2-4A5E-A232-B64A6485362F}.Release|ARM.Deploy.0 = Release|ARM
		{BA1B0E15-75F2-4A5E-A232-B64A6485362F}.Release|iPhone.ActiveCfg = Release|x86
		{BA1B0E15-75F2-4A5E-A232-B64A6485362F}.Release|iPhone.Build.0 = Release|x86
		{BA1B0E15-75F2-4A5E-A232-B64A6485362F}.Release|iPhone.Deploy.0 = Release|x86
		{BA1B0E15-75F2-4A5E-A232-B64A6485362F}.Release|iPhoneSimulator.ActiveCfg = Release|x86
		{BA1B0E15-75F2-4A5E-A232-B64A6485362F}.Release|iPhoneSimulator.Build.0 = Release|x86
		{BA1B0E15-75F2-4A5E-A232-B64A6485362F}.Release|iPhoneSimulator.Deploy.0 = Release|x86
		{BA1B0E15-75F2-4A5E-A232-B64A6485362F}.Release|x64.ActiveCfg = Release|x64
		{BA1B0E15-75F2-4A5E-A232-B64A6485362F}.Release|x64.Build.0 = Release|x64
		{BA1B0E15-75F2-4A5E-A232-B64A6485362F}.Release|x64.Deploy.0 = Release|x64
		{BA1B0E15-75F2-4A5E-A232-B64A6485362F}.Release|x86.ActiveCfg = Release|x86
		{BA1B0E15-75F2-4A5E-A232-B64A6485362F}.Release|x86.Build.0 = Release|x86
		{BA1B0E15-75F2-4A5E-A232-B64A6485362F}.Release|x86.Deploy.0 = Release|x86
		{3A6C5015-E954-48C6-9505-913AA8FF6A8F}.Ad-Hoc|Any CPU.ActiveCfg = Debug|Any CPU
		{3A6C5015-E954-48C6-9505-913AA8FF6A8F}.Ad-Hoc|Any CPU.Build.0 = Debug|Any CPU
		{3A6C5015-E954-48C6-9505-913AA8FF6A8F}.Ad-Hoc|Any CPU.Deploy.0 = Debug|Any CPU
		{3A6C5015-E954-48C6-9505-913AA8FF6A8F}.Ad-Hoc|ARM.ActiveCfg = Debug|Any CPU
		{3A6C5015-E954-48C6-9505-913AA8FF6A8F}.Ad-Hoc|ARM.Build.0 = Debug|Any CPU
		{3A6C5015-E954-48C6-9505-913AA8FF6A8F}.Ad-Hoc|ARM.Deploy.0 = Debug|Any CPU
		{3A6C5015-E954-48C6-9505-913AA8FF6A8F}.Ad-Hoc|iPhone.ActiveCfg = Debug|Any CPU
		{3A6C5015-E954-48C6-9505-913AA8FF6A8F}.Ad-Hoc|iPhone.Build.0 = Debug|Any CPU
		{3A6C5015-E954-48C6-9505-913AA8FF6A8F}.Ad-Hoc|iPhone.Deploy.0 = Debug|Any CPU
		{3A6C5015-E954-48C6-9505-913AA8FF6A8F}.Ad-Hoc|iPhoneSimulator.ActiveCfg = Debug|Any CPU
		{3A6C5015-E954-48C6-9505-913AA8FF6A8F}.Ad-Hoc|iPhoneSimulator.Build.0 = Debug|Any CPU
		{3A6C5015-E954-48C6-9505-913AA8FF6A8F}.Ad-Hoc|iPhoneSimulator.Deploy.0 = Debug|Any CPU
		{3A6C5015-E954-48C6-9505-913AA8FF6A8F}.Ad-Hoc|x64.ActiveCfg = Debug|Any CPU
		{3A6C5015-E954-48C6-9505-913AA8FF6A8F}.Ad-Hoc|x64.Build.0 = Debug|Any CPU
		{3A6C5015-E954-48C6-9505-913AA8FF6A8F}.Ad-Hoc|x64.Deploy.0 = Debug|Any CPU
		{3A6C5015-E954-48C6-9505-913AA8FF6A8F}.Ad-Hoc|x86.ActiveCfg = Debug|Any CPU
		{3A6C5015-E954-48C6-9505-913AA8FF6A8F}.Ad-Hoc|x86.Build.0 = Debug|Any CPU
		{3A6C5015-E954-48C6-9505-913AA8FF6A8F}.Ad-Hoc|x86.Deploy.0 = Debug|Any CPU
		{3A6C5015-E954-48C6-9505-913AA8FF6A8F}.AppStore|Any CPU.ActiveCfg = Debug|Any CPU
		{3A6C5015-E954-48C6-9505-913AA8FF6A8F}.AppStore|Any CPU.Build.0 = Debug|Any CPU
		{3A6C5015-E954-48C6-9505-913AA8FF6A8F}.AppStore|Any CPU.Deploy.0 = Debug|Any CPU
		{3A6C5015-E954-48C6-9505-913AA8FF6A8F}.AppStore|ARM.ActiveCfg = Debug|Any CPU
		{3A6C5015-E954-48C6-9505-913AA8FF6A8F}.AppStore|ARM.Build.0 = Debug|Any CPU
		{3A6C5015-E954-48C6-9505-913AA8FF6A8F}.AppStore|ARM.Deploy.0 = Debug|Any CPU
		{3A6C5015-E954-48C6-9505-913AA8FF6A8F}.AppStore|iPhone.ActiveCfg = Debug|Any CPU
		{3A6C5015-E954-48C6-9505-913AA8FF6A8F}.AppStore|iPhone.Build.0 = Debug|Any CPU
		{3A6C5015-E954-48C6-9505-913AA8FF6A8F}.AppStore|iPhone.Deploy.0 = Debug|Any CPU
		{3A6C5015-E954-48C6-9505-913AA8FF6A8F}.AppStore|iPhoneSimulator.ActiveCfg = Debug|Any CPU
		{3A6C5015-E954-48C6-9505-913AA8FF6A8F}.AppStore|iPhoneSimulator.Build.0 = Debug|Any CPU
		{3A6C5015-E954-48C6-9505-913AA8FF6A8F}.AppStore|iPhoneSimulator.Deploy.0 = Debug|Any CPU
		{3A6C5015-E954-48C6-9505-913AA8FF6A8F}.AppStore|x64.ActiveCfg = Debug|Any CPU
		{3A6C5015-E954-48C6-9505-913AA8FF6A8F}.AppStore|x64.Build.0 = Debug|Any CPU
		{3A6C5015-E954-48C6-9505-913AA8FF6A8F}.AppStore|x64.Deploy.0 = Debug|Any CPU
		{3A6C5015-E954-48C6-9505-913AA8FF6A8F}.AppStore|x86.ActiveCfg = Debug|Any CPU
		{3A6C5015-E954-48C6-9505-913AA8FF6A8F}.AppStore|x86.Build.0 = Debug|Any CPU
		{3A6C5015-E954-48C6-9505-913AA8FF6A8F}.AppStore|x86.Deploy.0 = Debug|Any CPU
		{3A6C5015-E954-48C6-9505-913AA8FF6A8F}.Debug|Any CPU.ActiveCfg = Debug|Any CPU
		{3A6C5015-E954-48C6-9505-913AA8FF6A8F}.Debug|Any CPU.Build.0 = Debug|Any CPU
		{3A6C5015-E954-48C6-9505-913AA8FF6A8F}.Debug|Any CPU.Deploy.0 = Debug|Any CPU
		{3A6C5015-E954-48C6-9505-913AA8FF6A8F}.Debug|ARM.ActiveCfg = Debug|Any CPU
		{3A6C5015-E954-48C6-9505-913AA8FF6A8F}.Debug|ARM.Build.0 = Debug|Any CPU
		{3A6C5015-E954-48C6-9505-913AA8FF6A8F}.Debug|ARM.Deploy.0 = Debug|Any CPU
		{3A6C5015-E954-48C6-9505-913AA8FF6A8F}.Debug|iPhone.ActiveCfg = Debug|Any CPU
		{3A6C5015-E954-48C6-9505-913AA8FF6A8F}.Debug|iPhone.Build.0 = Debug|Any CPU
		{3A6C5015-E954-48C6-9505-913AA8FF6A8F}.Debug|iPhone.Deploy.0 = Debug|Any CPU
		{3A6C5015-E954-48C6-9505-913AA8FF6A8F}.Debug|iPhoneSimulator.ActiveCfg = Debug|Any CPU
		{3A6C5015-E954-48C6-9505-913AA8FF6A8F}.Debug|iPhoneSimulator.Build.0 = Debug|Any CPU
		{3A6C5015-E954-48C6-9505-913AA8FF6A8F}.Debug|iPhoneSimulator.Deploy.0 = Debug|Any CPU
		{3A6C5015-E954-48C6-9505-913AA8FF6A8F}.Debug|x64.ActiveCfg = Debug|Any CPU
		{3A6C5015-E954-48C6-9505-913AA8FF6A8F}.Debug|x64.Build.0 = Debug|Any CPU
		{3A6C5015-E954-48C6-9505-913AA8FF6A8F}.Debug|x64.Deploy.0 = Debug|Any CPU
		{3A6C5015-E954-48C6-9505-913AA8FF6A8F}.Debug|x86.ActiveCfg = Debug|Any CPU
		{3A6C5015-E954-48C6-9505-913AA8FF6A8F}.Debug|x86.Build.0 = Debug|Any CPU
		{3A6C5015-E954-48C6-9505-913AA8FF6A8F}.Debug|x86.Deploy.0 = Debug|Any CPU
		{3A6C5015-E954-48C6-9505-913AA8FF6A8F}.Release|Any CPU.ActiveCfg = Release|Any CPU
		{3A6C5015-E954-48C6-9505-913AA8FF6A8F}.Release|Any CPU.Build.0 = Release|Any CPU
		{3A6C5015-E954-48C6-9505-913AA8FF6A8F}.Release|Any CPU.Deploy.0 = Release|Any CPU
		{3A6C5015-E954-48C6-9505-913AA8FF6A8F}.Release|ARM.ActiveCfg = Release|Any CPU
		{3A6C5015-E954-48C6-9505-913AA8FF6A8F}.Release|ARM.Build.0 = Release|Any CPU
		{3A6C5015-E954-48C6-9505-913AA8FF6A8F}.Release|ARM.Deploy.0 = Release|Any CPU
		{3A6C5015-E954-48C6-9505-913AA8FF6A8F}.Release|iPhone.ActiveCfg = Release|Any CPU
		{3A6C5015-E954-48C6-9505-913AA8FF6A8F}.Release|iPhone.Build.0 = Release|Any CPU
		{3A6C5015-E954-48C6-9505-913AA8FF6A8F}.Release|iPhone.Deploy.0 = Release|Any CPU
		{3A6C5015-E954-48C6-9505-913AA8FF6A8F}.Release|iPhoneSimulator.ActiveCfg = Release|Any CPU
		{3A6C5015-E954-48C6-9505-913AA8FF6A8F}.Release|iPhoneSimulator.Build.0 = Release|Any CPU
		{3A6C5015-E954-48C6-9505-913AA8FF6A8F}.Release|iPhoneSimulator.Deploy.0 = Release|Any CPU
		{3A6C5015-E954-48C6-9505-913AA8FF6A8F}.Release|x64.ActiveCfg = Release|Any CPU
		{3A6C5015-E954-48C6-9505-913AA8FF6A8F}.Release|x64.Build.0 = Release|Any CPU
		{3A6C5015-E954-48C6-9505-913AA8FF6A8F}.Release|x64.Deploy.0 = Release|Any CPU
		{3A6C5015-E954-48C6-9505-913AA8FF6A8F}.Release|x86.ActiveCfg = Release|Any CPU
		{3A6C5015-E954-48C6-9505-913AA8FF6A8F}.Release|x86.Build.0 = Release|Any CPU
		{3A6C5015-E954-48C6-9505-913AA8FF6A8F}.Release|x86.Deploy.0 = Release|Any CPU
	EndGlobalSection
	GlobalSection(SolutionProperties) = preSolution
		HideSolutionNode = FALSE
	EndGlobalSection
	GlobalSection(ExtensibilityGlobals) = postSolution
		SolutionGuid = {B030BF10-2AFF-4E3D-8CD3-2985C3FA4500}
	EndGlobalSection
EndGlobal
